
Microsoft Visual Studio Solution File, Format Version 12.00
# Visual Studio 2015
Project("{FAE04EC0-301F-11D3-BF4B-00C04F79EFBC}") = "WarGame.CSharp.Plugins", "WarGame.CSharp.Plugins.csproj", "{E0F5DF2F-7374-8877-039B-17143AD48104}"
EndProject
Project("{FAE04EC0-301F-11D3-BF4B-00C04F79EFBC}") = "WarGame.CSharp", "WarGame.CSharp.csproj", "{144FA44A-1665-CAEA-7B50-2DAD5F94CE8F}"
EndProject
Project("{FAE04EC0-301F-11D3-BF4B-00C04F79EFBC}") = "WarGame.CSharp.Editor", "WarGame.CSharp.Editor.csproj", "{9EBED756-C129-CE97-0360-8160A88260F8}"
EndProject
Global
	GlobalSection(SolutionConfigurationPlatforms) = preSolution
		Debug|Any CPU = Debug|Any CPU
		Release|Any CPU = Release|Any CPU
	EndGlobalSection
	GlobalSection(ProjectConfigurationPlatforms) = postSolution
		{E0F5DF2F-7374-8877-039B-17143AD48104}.Debug|Any CPU.ActiveCfg = Debug|Any CPU
		{E0F5DF2F-7374-8877-039B-17143AD48104}.Debug|Any CPU.Build.0 = Debug|Any CPU
		{E0F5DF2F-7374-8877-039B-17143AD48104}.Release|Any CPU.ActiveCfg = Release|Any CPU
		{E0F5DF2F-7374-8877-039B-17143AD48104}.Release|Any CPU.Build.0 = Release|Any CPU
		{144FA44A-1665-CAEA-7B50-2DAD5F94CE8F}.Debug|Any CPU.ActiveCfg = Debug|Any CPU
		{144FA44A-1665-CAEA-7B50-2DAD5F94CE8F}.Debug|Any CPU.Build.0 = Debug|Any CPU
		{144FA44A-1665-CAEA-7B50-2DAD5F94CE8F}.Release|Any CPU.ActiveCfg = Release|Any CPU
		{144FA44A-1665-CAEA-7B50-2DAD5F94CE8F}.Release|Any CPU.Build.0 = Release|Any CPU
		{9EBED756-C129-CE97-0360-8160A88260F8}.Debug|Any CPU.ActiveCfg = Debug|Any CPU
		{9EBED756-C129-CE97-0360-8160A88260F8}.Debug|Any CPU.Build.0 = Debug|Any CPU
		{9EBED756-C129-CE97-0360-8160A88260F8}.Release|Any CPU.ActiveCfg = Release|Any CPU
		{9EBED756-C129-CE97-0360-8160A88260F8}.Release|Any CPU.Build.0 = Release|Any CPU
	EndGlobalSection
	GlobalSection(SolutionProperties) = preSolution
		HideSolutionNode = FALSE
	EndGlobalSection
EndGlobal
